
Microsoft Visual Studio Solution File, Format Version 12.00
# Visual Studio 15
VisualStudioVersion = 15.0.28307.136
MinimumVisualStudioVersion = 10.0.40219.1
Project("{8BC9CEB8-8B4A-11D0-8D11-00A0C91BC942}") = "Fractal", "Fractal\Fractal.vcxproj", "{B809B49F-AFDA-4EE9-A2BE-43743D9A9864}"
EndProject
Global
	GlobalSection(SolutionConfigurationPlatforms) = preSolution
		Debug|x64 = Debug|x64
		Debug|x86 = Debug|x86
		Release|x64 = Release|x64
		Release|x86 = Release|x86
	EndGlobalSection
	GlobalSection(ProjectConfigurationPlatforms) = postSolution
		{B809B49F-AFDA-4EE9-A2BE-43743D9A9864}.Debug|x64.ActiveCfg = Debug|x64
		{B809B49F-AFDA-4EE9-A2BE-43743D9A9864}.Debug|x64.Build.0 = Debug|x64
		{B809B49F-AFDA-4EE9-A2BE-43743D9A9864}.Debug|x86.ActiveCfg = Debug|Win32
		{B809B49F-AFDA-4EE9-A2BE-43743D9A9864}.Debug|x86.Build.0 = Debug|Win32
		{B809B49F-AFDA-4EE9-A2BE-43743D9A9864}.Release|x64.ActiveCfg = Release|x64
		{B809B49F-AFDA-4EE9-A2BE-43743D9A9864}.Release|x64.Build.0 = Release|x64
		{B809B49F-AFDA-4EE9-A2BE-43743D9A9864}.Release|x86.ActiveCfg = Release|Win32
		{B809B49F-AFDA-4EE9-A2BE-43743D9A9864}.Release|x86.Build.0 = Release|Win32
	EndGlobalSection
	GlobalSection(SolutionProperties) = preSolution
		HideSolutionNode = FALSE
	EndGlobalSection
	GlobalSection(ExtensibilityGlobals) = postSolution
		SolutionGuid = {EC08DCD3-5FB7-4656-B805-F40201CC4D89}
	EndGlobalSection
EndGlobal
