<?xml version="1.0" encoding="utf-8"?>
<Project ToolsVersion="4.0" xmlns="http://schemas.microsoft.com/developer/msbuild/2003">
  <ItemGroup>
    <Filter Include="Source Files">
      <UniqueIdentifier>{4FC737F1-C7A5-4376-A066-2A32D752A2FF}</UniqueIdentifier>
      <Extensions>cpp;c;cc;cxx;def;odl;idl;hpj;bat;asm;asmx</Extensions>
    </Filter>
    <Filter Include="Header Files">
      <UniqueIdentifier>{93995380-89BD-4b04-88EB-625FBE52EBFB}</UniqueIdentifier>
      <Extensions>h;hh;hpp;hxx;hm;inl;inc;ipp;xsd</Extensions>
    </Filter>
    <Filter Include="Resource Files">
      <UniqueIdentifier>{67DA6AB6-F800-4c08-8B7A-83BB121AAD01}</UniqueIdentifier>
      <Extensions>rc;ico;cur;bmp;dlg;rc2;rct;bin;rgs;gif;jpg;jpeg;jpe;resx;tiff;tif;png;wav;mfcribbon-ms</Extensions>
    </Filter>
  </ItemGroup>
  <ItemGroup>
    <ClCompile Include="src\fractal\graphics\buffers\buffer.cpp">
      <Filter>Source Files</Filter>
    </ClCompile>
    <ClCompile Include="src\fractal\graphics\buffers\indexBuffer.cpp">
      <Filter>Source Files</Filter>
    </ClCompile>
    <ClCompile Include="src\fractal\graphics\buffers\vertexArray.cpp">
      <Filter>Source Files</Filter>
    </ClCompile>
    <ClCompile Include="src\fractal\utils\file.cpp">
      <Filter>Source Files</Filter>
    </ClCompile>
    <ClCompile Include="src\fractal\graphics\shaders\shader.cpp">
      <Filter>Source Files</Filter>
    </ClCompile>
    <ClCompile Include="src\fractal\graphics\shaders\shaderFactory.cpp">
      <Filter>Source Files</Filter>
    </ClCompile>
    <ClCompile Include="src\fractal\graphics\shaders\shaderManager.cpp">
      <Filter>Source Files</Filter>
    </ClCompile>
    <ClCompile Include="src\fractal\graphics\simpleRenderer2d.cpp">
      <Filter>Source Files</Filter>
    </ClCompile>
    <ClCompile Include="src\fractal\graphics\staticSprite.cpp">
      <Filter>Source Files</Filter>
    </ClCompile>
    <ClCompile Include="src\fractal\graphics\batchRenderer2d.cpp">
      <Filter>Source Files</Filter>
    </ClCompile>
    <ClCompile Include="src\fractal\graphics\sprite.cpp">
      <Filter>Source Files</Filter>
    </ClCompile>
    <ClCompile Include="src\fractal\graphics\camera\camera.cpp">
      <Filter>Source Files</Filter>
    </ClCompile>
    <ClCompile Include="src\fractal\application\input.cpp">
      <Filter>Source Files</Filter>
    </ClCompile>
    <ClCompile Include="src\fractal\graphics\camera\fpscamera.cpp">
      <Filter>Source Files</Filter>
    </ClCompile>
    <ClCompile Include="src\fractal\application\window.cpp">
      <Filter>Source Files</Filter>
    </ClCompile>
    <ClCompile Include="RubicksCube\src\main.cpp">
      <Filter>Source Files</Filter>
    </ClCompile>
    <ClCompile Include="RubicksCube\src\rubicksCube\cube.cpp">
      <Filter>Source Files</Filter>
    </ClCompile>
    <ClCompile Include="RubicksCube\src\rubicksCube\cubesLayers\cubesLayer.cpp">
      <Filter>Source Files</Filter>
    </ClCompile>
    <ClCompile Include="RubicksCube\src\rubicksCube\cubesLayers\topLayer.cpp">
      <Filter>Source Files</Filter>
    </ClCompile>
    <ClCompile Include="src\fractal\graphics\sprite3d.cpp">
      <Filter>Source Files</Filter>
    </ClCompile>
    <ClCompile Include="RubicksCube\src\rubicksCube\cubeParts\cubeParts.cpp">
      <Filter>Source Files</Filter>
    </ClCompile>
    <ClCompile Include="RubicksCube\src\rubicksCube\cubeParts\plane.cpp">
      <Filter>Source Files</Filter>
    </ClCompile>
    <ClCompile Include="RubicksCube\src\rubicksCube\cubesLayers\middleLayer.cpp">
      <Filter>Source Files</Filter>
    </ClCompile>
    <ClCompile Include="RubicksCube\src\rubicksCube\cubesLayers\bottomLayer.cpp">
      <Filter>Source Files</Filter>
    </ClCompile>
  </ItemGroup>
  <ItemGroup>
    <ClInclude Include="src\fractal\frc.h">
      <Filter>Header Files</Filter>
    </ClInclude>
    <ClInclude Include="src\fractal\graphics\buffers\buffer.h">
      <Filter>Header Files</Filter>
    </ClInclude>
    <ClInclude Include="src\fractal\graphics\buffers\indexBuffer.h">
      <Filter>Header Files</Filter>
    </ClInclude>
    <ClInclude Include="src\fractal\graphics\buffers\vertexArray.h">
      <Filter>Header Files</Filter>
    </ClInclude>
    <ClInclude Include="src\fractal\utils\file.h">
      <Filter>Header Files</Filter>
    </ClInclude>
    <ClInclude Include="src\fractal\graphics\shaders\shader.h">
      <Filter>Header Files</Filter>
    </ClInclude>
    <ClInclude Include="src\fractal\graphics\shaders\shaderFactory.h">
      <Filter>Header Files</Filter>
    </ClInclude>
    <ClInclude Include="src\fractal\graphics\shaders\shaderManager.h">
      <Filter>Header Files</Filter>
    </ClInclude>
    <ClInclude Include="src\fractal\graphics\renderer2d.h">
      <Filter>Header Files</Filter>
    </ClInclude>
    <ClInclude Include="src\fractal\graphics\renderable2d.h">
      <Filter>Header Files</Filter>
    </ClInclude>
    <ClInclude Include="src\fractal\graphics\simpleRenderer2d.h">
      <Filter>Header Files</Filter>
    </ClInclude>
    <ClInclude Include="src\fractal\graphics\staticSprite.h">
      <Filter>Header Files</Filter>
    </ClInclude>
    <ClInclude Include="src\fractal\graphics\batchRenderer2d.h">
      <Filter>Header Files</Filter>
    </ClInclude>
    <ClInclude Include="src\fractal\graphics\sprite.h">
      <Filter>Header Files</Filter>
    </ClInclude>
    <ClInclude Include="src\fractal\graphics\camera\camera.h">
      <Filter>Header Files</Filter>
    </ClInclude>
    <ClInclude Include="src\fractal\application\input.h">
      <Filter>Header Files</Filter>
    </ClInclude>
    <ClInclude Include="src\fractal\graphics\camera\fpscamera.h">
      <Filter>Header Files</Filter>
    </ClInclude>
    <ClInclude Include="src\fractal\application\window.h">
      <Filter>Header Files</Filter>
    </ClInclude>
    <ClInclude Include="RubicksCube\src\rubicksCube\cube.h">
      <Filter>Header Files</Filter>
    </ClInclude>
    <ClInclude Include="RubicksCube\src\rubicksCube\cubesLayers\cubesLayer.h">
      <Filter>Header Files</Filter>
    </ClInclude>
    <ClInclude Include="RubicksCube\src\rubicksCube\cubeParts\cubeParts.h">
      <Filter>Header Files</Filter>
    </ClInclude>
    <ClInclude Include="RubicksCube\src\rubicksCube\cubesLayers\topLayer.h">
      <Filter>Header Files</Filter>
    </ClInclude>
    <ClInclude Include="src\fractal\graphics\sprite3d.h">
      <Filter>Header Files</Filter>
    </ClInclude>
    <ClInclude Include="RubicksCube\src\rubicksCube\cubeParts\plane.h">
      <Filter>Header Files</Filter>
    </ClInclude>
    <ClInclude Include="RubicksCube\src\utils\colors.h">
      <Filter>Header Files</Filter>
    </ClInclude>
    <ClInclude Include="RubicksCube\src\rubicksCube\cubesLayers\middleLayer.h">
      <Filter>Header Files</Filter>
    </ClInclude>
    <ClInclude Include="RubicksCube\src\rubicksCube\cubesLayers\bottomLayer.h">
      <Filter>Header Files</Filter>
    </ClInclude>
  </ItemGroup>
  <ItemGroup>
    <None Include="res\shaders\basic.frag" />
    <None Include="res\shaders\basic.vert" />
  </ItemGroup>
  <ItemGroup>
    <Text Include="RubicksCube\src\rubicksCube\cubesLayers\Text.txt" />
  </ItemGroup>
</Project>